// !$*UTF8*$!
{
	archiveVersion = 1;
	classes = {
	};
	objectVersion = 46;
	objects = {

/* Begin PBXBuildFile section */
		7B0233A41D72041200944BBE /* Shaders.metal in Sources */ = {isa = PBXBuildFile; fileRef = 7B0233A31D72041200944BBE /* Shaders.metal */; };
		7B0233A61D720B1600944BBE /* MobileNetsData.swift in Sources */ = {isa = PBXBuildFile; fileRef = 7B0233A51D720B1600944BBE /* MobileNetsData.swift */; };
		7B0233DA1D731CC300944BBE /* MobileNetsLabels.swift in Sources */ = {isa = PBXBuildFile; fileRef = 7B0233D91D731CC300944BBE /* MobileNetsLabels.swift */; };
		7B24FE1E1D6DE49100077C27 /* AppDelegate.swift in Sources */ = {isa = PBXBuildFile; fileRef = 7B24FE1D1D6DE49100077C27 /* AppDelegate.swift */; };
		7B24FE201D6DE49100077C27 /* ViewController.swift in Sources */ = {isa = PBXBuildFile; fileRef = 7B24FE1F1D6DE49100077C27 /* ViewController.swift */; };
		7B24FE231D6DE49100077C27 /* Main.storyboard in Resources */ = {isa = PBXBuildFile; fileRef = 7B24FE211D6DE49100077C27 /* Main.storyboard */; };
		7B24FE251D6DE49100077C27 /* Assets.xcassets in Resources */ = {isa = PBXBuildFile; fileRef = 7B24FE241D6DE49100077C27 /* Assets.xcassets */; };
		7BD51C3B1D6DE72F00777E4F /* MobileNet.swift in Sources */ = {isa = PBXBuildFile; fileRef = 7BD51C3A1D6DE72F00777E4F /* MobileNet.swift */; };
		7BDD54591D742C6100B57D60 /* VideoCapture.swift in Sources */ = {isa = PBXBuildFile; fileRef = 7BDD54581D742C6100B57D60 /* VideoCapture.swift */; };
		E612BCA21F0CEDAF00DC5C30 /* Eltwiselayer.swift in Sources */ = {isa = PBXBuildFile; fileRef = E612BCA11F0CEDAF00DC5C30 /* Eltwiselayer.swift */; };
		E612BCA41F0DD03700DC5C30 /* Float16.swift in Sources */ = {isa = PBXBuildFile; fileRef = E612BCA31F0DD03700DC5C30 /* Float16.swift */; };
		E63377B01EF80E9700DC9BA4 /* DepthwiseConvolution.swift in Sources */ = {isa = PBXBuildFile; fileRef = E63377AF1EF80E9700DC9BA4 /* DepthwiseConvolution.swift */; };
		E63377B21EF819F800DC9BA4 /* Runner.swift in Sources */ = {isa = PBXBuildFile; fileRef = E63377B11EF819F800DC9BA4 /* Runner.swift */; };
		E63377B41EF81AA600DC9BA4 /* ComputeHelpers.swift in Sources */ = {isa = PBXBuildFile; fileRef = E63377B31EF81AA600DC9BA4 /* ComputeHelpers.swift */; };
		E63377B61EF8227700DC9BA4 /* MPSImage+Floats.swift in Sources */ = {isa = PBXBuildFile; fileRef = E63377B51EF8227700DC9BA4 /* MPSImage+Floats.swift */; };
		E66AF56F1F32B322007832C3 /* ParseNet.swift in Sources */ = {isa = PBXBuildFile; fileRef = E66AF56D1F32B322007832C3 /* ParseNet.swift */; };
		E66AF5701F32B322007832C3 /* ParseNetData.swift in Sources */ = {isa = PBXBuildFile; fileRef = E66AF56E1F32B322007832C3 /* ParseNetData.swift */; };
		E66AF5721F330331007832C3 /* Unpoolinglayer.swift in Sources */ = {isa = PBXBuildFile; fileRef = E66AF5711F330331007832C3 /* Unpoolinglayer.swift */; };
		E66AF5741F344860007832C3 /* Maxoutlayer.swift in Sources */ = {isa = PBXBuildFile; fileRef = E66AF5731F344860007832C3 /* Maxoutlayer.swift */; };
		E66AF5761F3812FC007832C3 /* ChannelScalelayer.swift in Sources */ = {isa = PBXBuildFile; fileRef = E66AF5751F3812FC007832C3 /* ChannelScalelayer.swift */; };
		E66AF5781F387033007832C3 /* parsenet_weights.bat in Resources */ = {isa = PBXBuildFile; fileRef = E66AF5771F387033007832C3 /* parsenet_weights.bat */; };
		E66AF57A1F3875DE007832C3 /* wx.jpg in Resources */ = {isa = PBXBuildFile; fileRef = E66AF5791F3875DE007832C3 /* wx.jpg */; };
		E66AF7E91F3FDB2E007832C3 /* MultiChannelResizelayer.swift in Sources */ = {isa = PBXBuildFile; fileRef = E66AF7E81F3FDB2E007832C3 /* MultiChannelResizelayer.swift */; };
		E66AF7EB1F3FFADF007832C3 /* Palletelayer.swift in Sources */ = {isa = PBXBuildFile; fileRef = E66AF7EA1F3FFADF007832C3 /* Palletelayer.swift */; };
		E66AF7ED1F400A6C007832C3 /* UIImage+MTLTexture.swift in Sources */ = {isa = PBXBuildFile; fileRef = E66AF7EC1F400A6C007832C3 /* UIImage+MTLTexture.swift */; };
		E66AF7EF1F400ADC007832C3 /* MTLTexture+Array.swift in Sources */ = {isa = PBXBuildFile; fileRef = E66AF7EE1F400ADC007832C3 /* MTLTexture+Array.swift */; };
		E66AF7F11F400B29007832C3 /* UIImage+RawBytes.swift in Sources */ = {isa = PBXBuildFile; fileRef = E66AF7F01F400B29007832C3 /* UIImage+RawBytes.swift */; };
		E6B263021ED09D5B00EBA347 /* Default-568h@2x.png in Resources */ = {isa = PBXBuildFile; fileRef = E6B263011ED09D5B00EBA347 /* Default-568h@2x.png */; };
		E6F71D241EE1B57E00A5E712 /* SlimMPSCNN.swift in Sources */ = {isa = PBXBuildFile; fileRef = E6F71D231EE1B57E00A5E712 /* SlimMPSCNN.swift */; };
/* End PBXBuildFile section */

/* Begin PBXFileReference section */
		7B0233A31D72041200944BBE /* Shaders.metal */ = {isa = PBXFileReference; fileEncoding = 4; lastKnownFileType = sourcecode.metal; path = Shaders.metal; sourceTree = "<group>"; };
		7B0233A51D720B1600944BBE /* MobileNetsData.swift */ = {isa = PBXFileReference; fileEncoding = 4; lastKnownFileType = sourcecode.swift; path = MobileNetsData.swift; sourceTree = "<group>"; };
		7B0233D91D731CC300944BBE /* MobileNetsLabels.swift */ = {isa = PBXFileReference; fileEncoding = 4; lastKnownFileType = sourcecode.swift; path = MobileNetsLabels.swift; sourceTree = "<group>"; };
		7B24FE1A1D6DE49100077C27 /* ParseNet.app */ = {isa = PBXFileReference; explicitFileType = wrapper.application; includeInIndex = 0; path = ParseNet.app; sourceTree = BUILT_PRODUCTS_DIR; };
		7B24FE1D1D6DE49100077C27 /* AppDelegate.swift */ = {isa = PBXFileReference; lastKnownFileType = sourcecode.swift; path = AppDelegate.swift; sourceTree = "<group>"; };
		7B24FE1F1D6DE49100077C27 /* ViewController.swift */ = {isa = PBXFileReference; lastKnownFileType = sourcecode.swift; path = ViewController.swift; sourceTree = "<group>"; };
		7B24FE221D6DE49100077C27 /* Base */ = {isa = PBXFileReference; lastKnownFileType = file.storyboard; name = Base; path = Base.lproj/Main.storyboard; sourceTree = "<group>"; };
		7B24FE241D6DE49100077C27 /* Assets.xcassets */ = {isa = PBXFileReference; lastKnownFileType = folder.assetcatalog; path = Assets.xcassets; sourceTree = "<group>"; };
		7B24FE291D6DE49100077C27 /* Info.plist */ = {isa = PBXFileReference; lastKnownFileType = text.plist.xml; path = Info.plist; sourceTree = "<group>"; };
		7BD51C3A1D6DE72F00777E4F /* MobileNet.swift */ = {isa = PBXFileReference; fileEncoding = 4; lastKnownFileType = sourcecode.swift; path = MobileNet.swift; sourceTree = "<group>"; };
		7BDD54581D742C6100B57D60 /* VideoCapture.swift */ = {isa = PBXFileReference; fileEncoding = 4; lastKnownFileType = sourcecode.swift; path = VideoCapture.swift; sourceTree = "<group>"; };
		E612BCA11F0CEDAF00DC5C30 /* Eltwiselayer.swift */ = {isa = PBXFileReference; fileEncoding = 4; lastKnownFileType = sourcecode.swift; path = Eltwiselayer.swift; sourceTree = "<group>"; };
		E612BCA31F0DD03700DC5C30 /* Float16.swift */ = {isa = PBXFileReference; fileEncoding = 4; lastKnownFileType = sourcecode.swift; path = Float16.swift; sourceTree = "<group>"; };
		E63377AF1EF80E9700DC9BA4 /* DepthwiseConvolution.swift */ = {isa = PBXFileReference; fileEncoding = 4; lastKnownFileType = sourcecode.swift; path = DepthwiseConvolution.swift; sourceTree = "<group>"; };
		E63377B11EF819F800DC9BA4 /* Runner.swift */ = {isa = PBXFileReference; fileEncoding = 4; lastKnownFileType = sourcecode.swift; path = Runner.swift; sourceTree = "<group>"; };
		E63377B31EF81AA600DC9BA4 /* ComputeHelpers.swift */ = {isa = PBXFileReference; fileEncoding = 4; lastKnownFileType = sourcecode.swift; path = ComputeHelpers.swift; sourceTree = "<group>"; };
		E63377B51EF8227700DC9BA4 /* MPSImage+Floats.swift */ = {isa = PBXFileReference; fileEncoding = 4; lastKnownFileType = sourcecode.swift; path = "MPSImage+Floats.swift"; sourceTree = "<group>"; };
		E66AF56D1F32B322007832C3 /* ParseNet.swift */ = {isa = PBXFileReference; fileEncoding = 4; lastKnownFileType = sourcecode.swift; path = ParseNet.swift; sourceTree = "<group>"; };
		E66AF56E1F32B322007832C3 /* ParseNetData.swift */ = {isa = PBXFileReference; fileEncoding = 4; lastKnownFileType = sourcecode.swift; path = ParseNetData.swift; sourceTree = "<group>"; };
		E66AF5711F330331007832C3 /* Unpoolinglayer.swift */ = {isa = PBXFileReference; fileEncoding = 4; lastKnownFileType = sourcecode.swift; path = Unpoolinglayer.swift; sourceTree = "<group>"; };
		E66AF5731F344860007832C3 /* Maxoutlayer.swift */ = {isa = PBXFileReference; fileEncoding = 4; lastKnownFileType = sourcecode.swift; path = Maxoutlayer.swift; sourceTree = "<group>"; };
		E66AF5751F3812FC007832C3 /* ChannelScalelayer.swift */ = {isa = PBXFileReference; fileEncoding = 4; lastKnownFileType = sourcecode.swift; path = ChannelScalelayer.swift; sourceTree = "<group>"; };
		E66AF5771F387033007832C3 /* parsenet_weights.bat */ = {isa = PBXFileReference; lastKnownFileType = file; path = parsenet_weights.bat; sourceTree = "<group>"; };
		E66AF5791F3875DE007832C3 /* wx.jpg */ = {isa = PBXFileReference; lastKnownFileType = image.jpeg; path = wx.jpg; sourceTree = "<group>"; };
		E66AF7E81F3FDB2E007832C3 /* MultiChannelResizelayer.swift */ = {isa = PBXFileReference; fileEncoding = 4; lastKnownFileType = sourcecode.swift; path = MultiChannelResizelayer.swift; sourceTree = "<group>"; };
		E66AF7EA1F3FFADF007832C3 /* Palletelayer.swift */ = {isa = PBXFileReference; fileEncoding = 4; lastKnownFileType = sourcecode.swift; path = Palletelayer.swift; sourceTree = "<group>"; };
		E66AF7EC1F400A6C007832C3 /* UIImage+MTLTexture.swift */ = {isa = PBXFileReference; fileEncoding = 4; lastKnownFileType = sourcecode.swift; path = "UIImage+MTLTexture.swift"; sourceTree = "<group>"; };
		E66AF7EE1F400ADC007832C3 /* MTLTexture+Array.swift */ = {isa = PBXFileReference; fileEncoding = 4; lastKnownFileType = sourcecode.swift; path = "MTLTexture+Array.swift"; sourceTree = "<group>"; };
		E66AF7F01F400B29007832C3 /* UIImage+RawBytes.swift */ = {isa = PBXFileReference; fileEncoding = 4; lastKnownFileType = sourcecode.swift; path = "UIImage+RawBytes.swift"; sourceTree = "<group>"; };
		E6B263011ED09D5B00EBA347 /* Default-568h@2x.png */ = {isa = PBXFileReference; lastKnownFileType = image.png; path = "Default-568h@2x.png"; sourceTree = "<group>"; };
		E6F71D231EE1B57E00A5E712 /* SlimMPSCNN.swift */ = {isa = PBXFileReference; fileEncoding = 4; lastKnownFileType = sourcecode.swift; path = SlimMPSCNN.swift; sourceTree = "<group>"; };
/* End PBXFileReference section */

/* Begin PBXFrameworksBuildPhase section */
		7B24FE171D6DE49100077C27 /* Frameworks */ = {
			isa = PBXFrameworksBuildPhase;
			buildActionMask = 2147483647;
			files = (
			);
			runOnlyForDeploymentPostprocessing = 0;
		};
/* End PBXFrameworksBuildPhase section */

/* Begin PBXGroup section */
		7B0233A71D720B8C00944BBE /* ParseNet */ = {
			isa = PBXGroup;
			children = (
				E66AF56D1F32B322007832C3 /* ParseNet.swift */,
				E66AF56E1F32B322007832C3 /* ParseNetData.swift */,
				E612BCA51F0DD20800DC5C30 /* conversions */,
				E63377B31EF81AA600DC9BA4 /* ComputeHelpers.swift */,
				E63377B11EF819F800DC9BA4 /* Runner.swift */,
				7BD51C3A1D6DE72F00777E4F /* MobileNet.swift */,
				7B0233A51D720B1600944BBE /* MobileNetsData.swift */,
				7B0233D91D731CC300944BBE /* MobileNetsLabels.swift */,
				7B0233A31D72041200944BBE /* Shaders.metal */,
				E6F71D231EE1B57E00A5E712 /* SlimMPSCNN.swift */,
				E63377AF1EF80E9700DC9BA4 /* DepthwiseConvolution.swift */,
				E612BCA11F0CEDAF00DC5C30 /* Eltwiselayer.swift */,
				E66AF5711F330331007832C3 /* Unpoolinglayer.swift */,
				E66AF5731F344860007832C3 /* Maxoutlayer.swift */,
				E66AF5751F3812FC007832C3 /* ChannelScalelayer.swift */,
				E66AF7E81F3FDB2E007832C3 /* MultiChannelResizelayer.swift */,
				E66AF7EA1F3FFADF007832C3 /* Palletelayer.swift */,
			);
			name = ParseNet;
			sourceTree = "<group>";
		};
		7B0233C81D72F36100944BBE /* Resources */ = {
			isa = PBXGroup;
			children = (
				E66AF5791F3875DE007832C3 /* wx.jpg */,
				E66AF5771F387033007832C3 /* parsenet_weights.bat */,
				7B24FE241D6DE49100077C27 /* Assets.xcassets */,
				7B24FE291D6DE49100077C27 /* Info.plist */,
				7B24FE211D6DE49100077C27 /* Main.storyboard */,
			);
			name = Resources;
			sourceTree = "<group>";
		};
		7B24FE111D6DE49100077C27 = {
			isa = PBXGroup;
			children = (
				E6B263011ED09D5B00EBA347 /* Default-568h@2x.png */,
				7B24FE1C1D6DE49100077C27 /* Sources */,
				7B24FE1B1D6DE49100077C27 /* Products */,
			);
			sourceTree = "<group>";
		};
		7B24FE1B1D6DE49100077C27 /* Products */ = {
			isa = PBXGroup;
			children = (
				7B24FE1A1D6DE49100077C27 /* ParseNet.app */,
			);
			name = Products;
			sourceTree = "<group>";
		};
		7B24FE1C1D6DE49100077C27 /* Sources */ = {
			isa = PBXGroup;
			children = (
				7B24FE1D1D6DE49100077C27 /* AppDelegate.swift */,
				7B24FE1F1D6DE49100077C27 /* ViewController.swift */,
				7BDD54581D742C6100B57D60 /* VideoCapture.swift */,
				7B0233A71D720B8C00944BBE /* ParseNet */,
				7B0233C81D72F36100944BBE /* Resources */,
			);
			name = Sources;
			path = ParseNet;
			sourceTree = "<group>";
		};
		E612BCA51F0DD20800DC5C30 /* conversions */ = {
			isa = PBXGroup;
			children = (
				E66AF7F01F400B29007832C3 /* UIImage+RawBytes.swift */,
				E66AF7EE1F400ADC007832C3 /* MTLTexture+Array.swift */,
				E66AF7EC1F400A6C007832C3 /* UIImage+MTLTexture.swift */,
				E612BCA31F0DD03700DC5C30 /* Float16.swift */,
				E63377B51EF8227700DC9BA4 /* MPSImage+Floats.swift */,
			);
			name = conversions;
			sourceTree = "<group>";
		};
/* End PBXGroup section */

/* Begin PBXNativeTarget section */
		7B24FE191D6DE49100077C27 /* ParseNet */ = {
			isa = PBXNativeTarget;
			buildConfigurationList = 7B24FE2C1D6DE49100077C27 /* Build configuration list for PBXNativeTarget "ParseNet" */;
			buildPhases = (
				7B24FE161D6DE49100077C27 /* Sources */,
				7B24FE171D6DE49100077C27 /* Frameworks */,
				7B24FE181D6DE49100077C27 /* Resources */,
			);
			buildRules = (
			);
			dependencies = (
			);
			name = ParseNet;
			productName = MobileNet;
			productReference = 7B24FE1A1D6DE49100077C27 /* ParseNet.app */;
			productType = "com.apple.product-type.application";
		};
/* End PBXNativeTarget section */

/* Begin PBXProject section */
		7B24FE121D6DE49100077C27 /* Project object */ = {
			isa = PBXProject;
			attributes = {
				LastSwiftUpdateCheck = 0800;
				LastUpgradeCheck = 0820;
				ORGANIZATIONNAME = Hollance;
				TargetAttributes = {
					7B24FE191D6DE49100077C27 = {
						CreatedOnToolsVersion = 8.0;
						DevelopmentTeam = TPZTD6C8LS;
						ProvisioningStyle = Automatic;
					};
				};
			};
			buildConfigurationList = 7B24FE151D6DE49100077C27 /* Build configuration list for PBXProject "ParseNet" */;
			compatibilityVersion = "Xcode 3.2";
			developmentRegion = English;
			hasScannedForEncodings = 0;
			knownRegions = (
				en,
				Base,
			);
			mainGroup = 7B24FE111D6DE49100077C27;
			productRefGroup = 7B24FE1B1D6DE49100077C27 /* Products */;
			projectDirPath = "";
			projectRoot = "";
			targets = (
				7B24FE191D6DE49100077C27 /* ParseNet */,
			);
		};
/* End PBXProject section */

/* Begin PBXResourcesBuildPhase section */
		7B24FE181D6DE49100077C27 /* Resources */ = {
			isa = PBXResourcesBuildPhase;
			buildActionMask = 2147483647;
			files = (
				7B24FE251D6DE49100077C27 /* Assets.xcassets in Resources */,
				E66AF57A1F3875DE007832C3 /* wx.jpg in Resources */,
				7B24FE231D6DE49100077C27 /* Main.storyboard in Resources */,
				E6B263021ED09D5B00EBA347 /* Default-568h@2x.png in Resources */,
				E66AF5781F387033007832C3 /* parsenet_weights.bat in Resources */,
			);
			runOnlyForDeploymentPostprocessing = 0;
		};
/* End PBXResourcesBuildPhase section */

/* Begin PBXSourcesBuildPhase section */
		7B24FE161D6DE49100077C27 /* Sources */ = {
			isa = PBXSourcesBuildPhase;
			buildActionMask = 2147483647;
			files = (
				E66AF5761F3812FC007832C3 /* ChannelScalelayer.swift in Sources */,
				E66AF7EF1F400ADC007832C3 /* MTLTexture+Array.swift in Sources */,
				E66AF7EB1F3FFADF007832C3 /* Palletelayer.swift in Sources */,
				7BDD54591D742C6100B57D60 /* VideoCapture.swift in Sources */,
				E66AF7ED1F400A6C007832C3 /* UIImage+MTLTexture.swift in Sources */,
				E66AF5741F344860007832C3 /* Maxoutlayer.swift in Sources */,
				E66AF7F11F400B29007832C3 /* UIImage+RawBytes.swift in Sources */,
				E612BCA21F0CEDAF00DC5C30 /* Eltwiselayer.swift in Sources */,
				7B0233A41D72041200944BBE /* Shaders.metal in Sources */,
				E6F71D241EE1B57E00A5E712 /* SlimMPSCNN.swift in Sources */,
				E63377B01EF80E9700DC9BA4 /* DepthwiseConvolution.swift in Sources */,
				7B0233DA1D731CC300944BBE /* MobileNetsLabels.swift in Sources */,
				7B0233A61D720B1600944BBE /* MobileNetsData.swift in Sources */,
				7B24FE201D6DE49100077C27 /* ViewController.swift in Sources */,
				E66AF56F1F32B322007832C3 /* ParseNet.swift in Sources */,
				E66AF5701F32B322007832C3 /* ParseNetData.swift in Sources */,
				E63377B21EF819F800DC9BA4 /* Runner.swift in Sources */,
				E66AF5721F330331007832C3 /* Unpoolinglayer.swift in Sources */,
				E63377B41EF81AA600DC9BA4 /* ComputeHelpers.swift in Sources */,
				E66AF7E91F3FDB2E007832C3 /* MultiChannelResizelayer.swift in Sources */,
				7B24FE1E1D6DE49100077C27 /* AppDelegate.swift in Sources */,
				E612BCA41F0DD03700DC5C30 /* Float16.swift in Sources */,
				7BD51C3B1D6DE72F00777E4F /* MobileNet.swift in Sources */,
				E63377B61EF8227700DC9BA4 /* MPSImage+Floats.swift in Sources */,
			);
			runOnlyForDeploymentPostprocessing = 0;
		};
/* End PBXSourcesBuildPhase section */

/* Begin PBXVariantGroup section */
		7B24FE211D6DE49100077C27 /* Main.storyboard */ = {
			isa = PBXVariantGroup;
			children = (
				7B24FE221D6DE49100077C27 /* Base */,
			);
			name = Main.storyboard;
			sourceTree = "<group>";
		};
/* End PBXVariantGroup section */

/* Begin XCBuildConfiguration section */
		7B24FE2A1D6DE49100077C27 /* Debug */ = {
			isa = XCBuildConfiguration;
			buildSettings = {
				ALWAYS_SEARCH_USER_PATHS = NO;
				CLANG_ANALYZER_NONNULL = YES;
				CLANG_CXX_LANGUAGE_STANDARD = "gnu++0x";
				CLANG_CXX_LIBRARY = "libc++";
				CLANG_ENABLE_MODULES = YES;
				CLANG_ENABLE_OBJC_ARC = YES;
				CLANG_WARN_BOOL_CONVERSION = YES;
				CLANG_WARN_CONSTANT_CONVERSION = YES;
				CLANG_WARN_DIRECT_OBJC_ISA_USAGE = YES_ERROR;
				CLANG_WARN_DOCUMENTATION_COMMENTS = YES;
				CLANG_WARN_EMPTY_BODY = YES;
				CLANG_WARN_ENUM_CONVERSION = YES;
				CLANG_WARN_INFINITE_RECURSION = YES;
				CLANG_WARN_INT_CONVERSION = YES;
				CLANG_WARN_OBJC_ROOT_CLASS = YES_ERROR;
				CLANG_WARN_SUSPICIOUS_MOVE = YES;
				CLANG_WARN_SUSPICIOUS_MOVES = YES;
				CLANG_WARN_UNREACHABLE_CODE = YES;
				CLANG_WARN__DUPLICATE_METHOD_MATCH = YES;
				"CODE_SIGN_IDENTITY[sdk=iphoneos*]" = "iPhone Developer";
				COPY_PHASE_STRIP = NO;
				DEBUG_INFORMATION_FORMAT = dwarf;
				ENABLE_STRICT_OBJC_MSGSEND = YES;
				ENABLE_TESTABILITY = YES;
				GCC_C_LANGUAGE_STANDARD = gnu99;
				GCC_DYNAMIC_NO_PIC = NO;
				GCC_NO_COMMON_BLOCKS = YES;
				GCC_OPTIMIZATION_LEVEL = 0;
				GCC_PREPROCESSOR_DEFINITIONS = (
					"DEBUG=1",
					"$(inherited)",
				);
				GCC_WARN_64_TO_32_BIT_CONVERSION = YES;
				GCC_WARN_ABOUT_RETURN_TYPE = YES_ERROR;
				GCC_WARN_UNDECLARED_SELECTOR = YES;
				GCC_WARN_UNINITIALIZED_AUTOS = YES_AGGRESSIVE;
				GCC_WARN_UNUSED_FUNCTION = YES;
				GCC_WARN_UNUSED_VARIABLE = YES;
				IPHONEOS_DEPLOYMENT_TARGET = 10.0;
				MTL_ENABLE_DEBUG_INFO = YES;
				ONLY_ACTIVE_ARCH = YES;
				SDKROOT = iphoneos;
				SWIFT_ACTIVE_COMPILATION_CONDITIONS = DEBUG;
				SWIFT_OPTIMIZATION_LEVEL = "-Onone";
				TARGETED_DEVICE_FAMILY = "1,2";
			};
			name = Debug;
		};
		7B24FE2B1D6DE49100077C27 /* Release */ = {
			isa = XCBuildConfiguration;
			buildSettings = {
				ALWAYS_SEARCH_USER_PATHS = NO;
				CLANG_ANALYZER_NONNULL = YES;
				CLANG_CXX_LANGUAGE_STANDARD = "gnu++0x";
				CLANG_CXX_LIBRARY = "libc++";
				CLANG_ENABLE_MODULES = YES;
				CLANG_ENABLE_OBJC_ARC = YES;
				CLANG_WARN_BOOL_CONVERSION = YES;
				CLANG_WARN_CONSTANT_CONVERSION = YES;
				CLANG_WARN_DIRECT_OBJC_ISA_USAGE = YES_ERROR;
				CLANG_WARN_DOCUMENTATION_COMMENTS = YES;
				CLANG_WARN_EMPTY_BODY = YES;
				CLANG_WARN_ENUM_CONVERSION = YES;
				CLANG_WARN_INFINITE_RECURSION = YES;
				CLANG_WARN_INT_CONVERSION = YES;
				CLANG_WARN_OBJC_ROOT_CLASS = YES_ERROR;
				CLANG_WARN_SUSPICIOUS_MOVE = YES;
				CLANG_WARN_SUSPICIOUS_MOVES = YES;
				CLANG_WARN_UNREACHABLE_CODE = YES;
				CLANG_WARN__DUPLICATE_METHOD_MATCH = YES;
				"CODE_SIGN_IDENTITY[sdk=iphoneos*]" = "iPhone Developer";
				COPY_PHASE_STRIP = NO;
				DEBUG_INFORMATION_FORMAT = "dwarf-with-dsym";
				ENABLE_NS_ASSERTIONS = NO;
				ENABLE_STRICT_OBJC_MSGSEND = YES;
				GCC_C_LANGUAGE_STANDARD = gnu99;
				GCC_NO_COMMON_BLOCKS = YES;
				GCC_WARN_64_TO_32_BIT_CONVERSION = YES;
				GCC_WARN_ABOUT_RETURN_TYPE = YES_ERROR;
				GCC_WARN_UNDECLARED_SELECTOR = YES;
				GCC_WARN_UNINITIALIZED_AUTOS = YES_AGGRESSIVE;
				GCC_WARN_UNUSED_FUNCTION = YES;
				GCC_WARN_UNUSED_VARIABLE = YES;
				IPHONEOS_DEPLOYMENT_TARGET = 10.0;
				MTL_ENABLE_DEBUG_INFO = NO;
				SDKROOT = iphoneos;
				SWIFT_OPTIMIZATION_LEVEL = "-Owholemodule";
				TARGETED_DEVICE_FAMILY = "1,2";
				VALIDATE_PRODUCT = YES;
			};
			name = Release;
		};
		7B24FE2D1D6DE49100077C27 /* Debug */ = {
			isa = XCBuildConfiguration;
			buildSettings = {
				ASSETCATALOG_COMPILER_APPICON_NAME = AppIcon;
				DEVELOPMENT_TEAM = TPZTD6C8LS;
				INFOPLIST_FILE = ParseNet/Info.plist;
				IPHONEOS_DEPLOYMENT_TARGET = 10.0;
				LD_RUNPATH_SEARCH_PATHS = "$(inherited) @executable_path/Frameworks";
				PRODUCT_BUNDLE_IDENTIFIER = com.mogujie.ParseNet;
				PRODUCT_NAME = "$(TARGET_NAME)";
				SWIFT_VERSION = 3.0;
			};
			name = Debug;
		};
		7B24FE2E1D6DE49100077C27 /* Release */ = {
			isa = XCBuildConfiguration;
			buildSettings = {
				ASSETCATALOG_COMPILER_APPICON_NAME = AppIcon;
				DEVELOPMENT_TEAM = TPZTD6C8LS;
				INFOPLIST_FILE = MobileNets/Info.plist;
				IPHONEOS_DEPLOYMENT_TARGET = 10.0;
				LD_RUNPATH_SEARCH_PATHS = "$(inherited) @executable_path/Frameworks";
				PRODUCT_BUNDLE_IDENTIFIER = com.mogujie.ParseNet;
				PRODUCT_NAME = "$(TARGET_NAME)";
				SWIFT_VERSION = 3.0;
			};
			name = Release;
		};
/* End XCBuildConfiguration section */

/* Begin XCConfigurationList section */
		7B24FE151D6DE49100077C27 /* Build configuration list for PBXProject "ParseNet" */ = {
			isa = XCConfigurationList;
			buildConfigurations = (
				7B24FE2A1D6DE49100077C27 /* Debug */,
				7B24FE2B1D6DE49100077C27 /* Release */,
			);
			defaultConfigurationIsVisible = 0;
			defaultConfigurationName = Release;
		};
		7B24FE2C1D6DE49100077C27 /* Build configuration list for PBXNativeTarget "ParseNet" */ = {
			isa = XCConfigurationList;
			buildConfigurations = (
				7B24FE2D1D6DE49100077C27 /* Debug */,
				7B24FE2E1D6DE49100077C27 /* Release */,
			);
			defaultConfigurationIsVisible = 0;
			defaultConfigurationName = Release;
		};
/* End XCConfigurationList section */
	};
	rootObject = 7B24FE121D6DE49100077C27 /* Project object */;
}
